
Microsoft Visual Studio Solution File, Format Version 12.00
# Visual Studio 15
VisualStudioVersion = 15.0.27004.2005
MinimumVisualStudioVersion = 10.0.40219.1
Project("{9A19103F-16F7-4668-BE54-9A1E7A4F7556}") = "Commission.Server", "Commission.Server.csproj", "{342DDAE5-84F1-4920-A958-15FFAA3F52EA}"
EndProject
Global
	GlobalSection(SolutionConfigurationPlatforms) = preSolution
		Debug|Any CPU = Debug|Any CPU
		Release|Any CPU = Release|Any CPU
	EndGlobalSection
	GlobalSection(ProjectConfigurationPlatforms) = postSolution
		{342DDAE5-84F1-4920-A958-15FFAA3F52EA}.Debug|Any CPU.ActiveCfg = Debug|Any CPU
		{342DDAE5-84F1-4920-A958-15FFAA3F52EA}.Debug|Any CPU.Build.0 = Debug|Any CPU
		{342DDAE5-84F1-4920-A958-15FFAA3F52EA}.Release|Any CPU.ActiveCfg = Release|Any CPU
		{342DDAE5-84F1-4920-A958-15FFAA3F52EA}.Release|Any CPU.Build.0 = Release|Any CPU
	EndGlobalSection
	GlobalSection(SolutionProperties) = preSolution
		HideSolutionNode = FALSE
	EndGlobalSection
	GlobalSection(ExtensibilityGlobals) = postSolution
		SolutionGuid = {04882EB9-19DD-48F6-9A0E-139F5D708F98}
	EndGlobalSection
EndGlobal
